
Microsoft Visual Studio Solution File, Format Version 12.00
# Visual Studio 15
VisualStudioVersion = 15.0.27130.2027
MinimumVisualStudioVersion = 10.0.40219.1
Project("{9A19103F-16F7-4668-BE54-9A1E7A4F7556}") = "CoreAngularApp", "CoreAngularApp\CoreAngularApp.csproj", "{64BCA3DD-8686-4C3D-B524-F4348E7955F2}"
EndProject
Project("{FAE04EC0-301F-11D3-BF4B-00C04F79EFBC}") = "Utility", "Utility\Utility.csproj", "{B7E90D0F-74C1-430F-B8F2-657C9C94F313}"
EndProject
Global
	GlobalSection(SolutionConfigurationPlatforms) = preSolution
		Debug|Any CPU = Debug|Any CPU
		Release|Any CPU = Release|Any CPU
	EndGlobalSection
	GlobalSection(ProjectConfigurationPlatforms) = postSolution
		{64BCA3DD-8686-4C3D-B524-F4348E7955F2}.Debug|Any CPU.ActiveCfg = Debug|Any CPU
		{64BCA3DD-8686-4C3D-B524-F4348E7955F2}.Debug|Any CPU.Build.0 = Debug|Any CPU
		{64BCA3DD-8686-4C3D-B524-F4348E7955F2}.Release|Any CPU.ActiveCfg = Release|Any CPU
		{64BCA3DD-8686-4C3D-B524-F4348E7955F2}.Release|Any CPU.Build.0 = Release|Any CPU
		{B7E90D0F-74C1-430F-B8F2-657C9C94F313}.Debug|Any CPU.ActiveCfg = Debug|Any CPU
		{B7E90D0F-74C1-430F-B8F2-657C9C94F313}.Debug|Any CPU.Build.0 = Debug|Any CPU
		{B7E90D0F-74C1-430F-B8F2-657C9C94F313}.Release|Any CPU.ActiveCfg = Release|Any CPU
		{B7E90D0F-74C1-430F-B8F2-657C9C94F313}.Release|Any CPU.Build.0 = Release|Any CPU
	EndGlobalSection
	GlobalSection(SolutionProperties) = preSolution
		HideSolutionNode = FALSE
	EndGlobalSection
	GlobalSection(ExtensibilityGlobals) = postSolution
		SolutionGuid = {24D1479A-6044-489F-8AC6-7DC6FA23A30C}
	EndGlobalSection
EndGlobal
